
Microsoft Visual Studio Solution File, Format Version 12.00
# Visual Studio Version 17
VisualStudioVersion = 17.0.31903.59
MinimumVisualStudioVersion = 10.0.40219.1
Project("{FAE04EC0-301F-11D3-BF4B-00C04F79EFBC}") = "Memoization", "Memoization\Memoization.csproj", "{61E03E24-A858-454A-8978-18A6F5B29376}"
EndProject
Project("{FAE04EC0-301F-11D3-BF4B-00C04F79EFBC}") = "Tabulation", "Tabulation\Tabulation.csproj", "{A988B36C-811A-495E-B479-07E32A904301}"
EndProject
Project("{FAE04EC0-301F-11D3-BF4B-00C04F79EFBC}") = "LongestIncreasingSubsequence", "LongestIncreasingSubsequence\LongestIncreasingSubsequence.csproj", "{4F629A1C-14E5-44B6-87C2-EE7C9A90F33D}"
EndProject
Global
	GlobalSection(SolutionConfigurationPlatforms) = preSolution
		Debug|Any CPU = Debug|Any CPU
		Release|Any CPU = Release|Any CPU
	EndGlobalSection
	GlobalSection(SolutionProperties) = preSolution
		HideSolutionNode = FALSE
	EndGlobalSection
	GlobalSection(ProjectConfigurationPlatforms) = postSolution
		{61E03E24-A858-454A-8978-18A6F5B29376}.Debug|Any CPU.ActiveCfg = Debug|Any CPU
		{61E03E24-A858-454A-8978-18A6F5B29376}.Debug|Any CPU.Build.0 = Debug|Any CPU
		{61E03E24-A858-454A-8978-18A6F5B29376}.Release|Any CPU.ActiveCfg = Release|Any CPU
		{61E03E24-A858-454A-8978-18A6F5B29376}.Release|Any CPU.Build.0 = Release|Any CPU
		{A988B36C-811A-495E-B479-07E32A904301}.Debug|Any CPU.ActiveCfg = Debug|Any CPU
		{A988B36C-811A-495E-B479-07E32A904301}.Debug|Any CPU.Build.0 = Debug|Any CPU
		{A988B36C-811A-495E-B479-07E32A904301}.Release|Any CPU.ActiveCfg = Release|Any CPU
		{A988B36C-811A-495E-B479-07E32A904301}.Release|Any CPU.Build.0 = Release|Any CPU
		{4F629A1C-14E5-44B6-87C2-EE7C9A90F33D}.Debug|Any CPU.ActiveCfg = Debug|Any CPU
		{4F629A1C-14E5-44B6-87C2-EE7C9A90F33D}.Debug|Any CPU.Build.0 = Debug|Any CPU
		{4F629A1C-14E5-44B6-87C2-EE7C9A90F33D}.Release|Any CPU.ActiveCfg = Release|Any CPU
		{4F629A1C-14E5-44B6-87C2-EE7C9A90F33D}.Release|Any CPU.Build.0 = Release|Any CPU
	EndGlobalSection
EndGlobal
