
Microsoft Visual Studio Solution File, Format Version 12.00
# Visual Studio Version 17
VisualStudioVersion = 17.0.31903.59
MinimumVisualStudioVersion = 10.0.40219.1
Project("{FAE04EC0-301F-11D3-BF4B-00C04F79EFBC}") = "PdfWorker", "PdfWorker\PdfWorker.csproj", "{D2F2136E-7048-4339-B7FC-F072787DE64B}"
EndProject
Project("{FAE04EC0-301F-11D3-BF4B-00C04F79EFBC}") = "SmsWorker", "SmsWorker\SmsWorker.csproj", "{48CF79A3-F978-43FA-8441-9AD61D781A22}"
EndProject
Project("{FAE04EC0-301F-11D3-BF4B-00C04F79EFBC}") = "EmailWorker", "EmailWorker\EmailWorker.csproj", "{062C2552-8516-43E0-8E3F-A8B5C23E7D94}"
EndProject
Project("{FAE04EC0-301F-11D3-BF4B-00C04F79EFBC}") = "WebUI", "WebUI\WebUI.csproj", "{D8A07949-7F52-4914-82FA-A6C80F0F1F25}"
EndProject
Global
	GlobalSection(SolutionConfigurationPlatforms) = preSolution
		Debug|Any CPU = Debug|Any CPU
		Release|Any CPU = Release|Any CPU
	EndGlobalSection
	GlobalSection(SolutionProperties) = preSolution
		HideSolutionNode = FALSE
	EndGlobalSection
	GlobalSection(ProjectConfigurationPlatforms) = postSolution
		{D2F2136E-7048-4339-B7FC-F072787DE64B}.Debug|Any CPU.ActiveCfg = Debug|Any CPU
		{D2F2136E-7048-4339-B7FC-F072787DE64B}.Debug|Any CPU.Build.0 = Debug|Any CPU
		{D2F2136E-7048-4339-B7FC-F072787DE64B}.Release|Any CPU.ActiveCfg = Release|Any CPU
		{D2F2136E-7048-4339-B7FC-F072787DE64B}.Release|Any CPU.Build.0 = Release|Any CPU
		{48CF79A3-F978-43FA-8441-9AD61D781A22}.Debug|Any CPU.ActiveCfg = Debug|Any CPU
		{48CF79A3-F978-43FA-8441-9AD61D781A22}.Debug|Any CPU.Build.0 = Debug|Any CPU
		{48CF79A3-F978-43FA-8441-9AD61D781A22}.Release|Any CPU.ActiveCfg = Release|Any CPU
		{48CF79A3-F978-43FA-8441-9AD61D781A22}.Release|Any CPU.Build.0 = Release|Any CPU
		{062C2552-8516-43E0-8E3F-A8B5C23E7D94}.Debug|Any CPU.ActiveCfg = Debug|Any CPU
		{062C2552-8516-43E0-8E3F-A8B5C23E7D94}.Debug|Any CPU.Build.0 = Debug|Any CPU
		{062C2552-8516-43E0-8E3F-A8B5C23E7D94}.Release|Any CPU.ActiveCfg = Release|Any CPU
		{062C2552-8516-43E0-8E3F-A8B5C23E7D94}.Release|Any CPU.Build.0 = Release|Any CPU
		{D8A07949-7F52-4914-82FA-A6C80F0F1F25}.Debug|Any CPU.ActiveCfg = Debug|Any CPU
		{D8A07949-7F52-4914-82FA-A6C80F0F1F25}.Debug|Any CPU.Build.0 = Debug|Any CPU
		{D8A07949-7F52-4914-82FA-A6C80F0F1F25}.Release|Any CPU.ActiveCfg = Release|Any CPU
		{D8A07949-7F52-4914-82FA-A6C80F0F1F25}.Release|Any CPU.Build.0 = Release|Any CPU
	EndGlobalSection
EndGlobal
